
Microsoft Visual Studio Solution File, Format Version 12.00
# Visual Studio Version 17
VisualStudioVersion = 17.3.32929.385
MinimumVisualStudioVersion = 10.0.40219.1
Project("{FAE04EC0-301F-11D3-BF4B-00C04F79EFBC}") = "TestTaskForMindbox", "TestTaskForMindbox\TestTaskForMindbox.csproj", "{906DD13D-8813-4E26-BB06-23D429C0F86A}"
EndProject
Project("{FAE04EC0-301F-11D3-BF4B-00C04F79EFBC}") = "UnitTestFiguresLibrary", "UnitTestFiguresLibrary\UnitTestFiguresLibrary.csproj", "{99B76A1B-9512-4C7F-94C6-BFEEF597856A}"
EndProject
Project("{FAE04EC0-301F-11D3-BF4B-00C04F79EFBC}") = "FiguresLibrary", "FiguresLibrary\FiguresLibrary.csproj", "{C8B595C2-E393-4E1F-9979-2558CD22CF40}"
EndProject
Global
	GlobalSection(SolutionConfigurationPlatforms) = preSolution
		Debug|Any CPU = Debug|Any CPU
		Release|Any CPU = Release|Any CPU
	EndGlobalSection
	GlobalSection(ProjectConfigurationPlatforms) = postSolution
		{906DD13D-8813-4E26-BB06-23D429C0F86A}.Debug|Any CPU.ActiveCfg = Debug|Any CPU
		{906DD13D-8813-4E26-BB06-23D429C0F86A}.Debug|Any CPU.Build.0 = Debug|Any CPU
		{906DD13D-8813-4E26-BB06-23D429C0F86A}.Release|Any CPU.ActiveCfg = Release|Any CPU
		{906DD13D-8813-4E26-BB06-23D429C0F86A}.Release|Any CPU.Build.0 = Release|Any CPU
		{99B76A1B-9512-4C7F-94C6-BFEEF597856A}.Debug|Any CPU.ActiveCfg = Debug|Any CPU
		{99B76A1B-9512-4C7F-94C6-BFEEF597856A}.Debug|Any CPU.Build.0 = Debug|Any CPU
		{99B76A1B-9512-4C7F-94C6-BFEEF597856A}.Release|Any CPU.ActiveCfg = Release|Any CPU
		{99B76A1B-9512-4C7F-94C6-BFEEF597856A}.Release|Any CPU.Build.0 = Release|Any CPU
		{C8B595C2-E393-4E1F-9979-2558CD22CF40}.Debug|Any CPU.ActiveCfg = Debug|Any CPU
		{C8B595C2-E393-4E1F-9979-2558CD22CF40}.Debug|Any CPU.Build.0 = Debug|Any CPU
		{C8B595C2-E393-4E1F-9979-2558CD22CF40}.Release|Any CPU.ActiveCfg = Release|Any CPU
		{C8B595C2-E393-4E1F-9979-2558CD22CF40}.Release|Any CPU.Build.0 = Release|Any CPU
	EndGlobalSection
	GlobalSection(SolutionProperties) = preSolution
		HideSolutionNode = FALSE
	EndGlobalSection
	GlobalSection(ExtensibilityGlobals) = postSolution
		SolutionGuid = {2F088C64-D76E-48A7-A0E0-19F0BE2688C0}
	EndGlobalSection
EndGlobal
